
Microsoft Visual Studio Solution File, Format Version 12.00
# Visual Studio 15
VisualStudioVersion = 15.0.26228.9
MinimumVisualStudioVersion = 10.0.40219.1
Project("{2150E333-8FDC-42A3-9474-1A3956D46DE8}") = "DAL", "DAL", "{13E8B7F0-3E6D-439A-B9AD-BC79D7B6CD28}"
EndProject
Project("{2150E333-8FDC-42A3-9474-1A3956D46DE8}") = "WEB", "WEB", "{B2A522A5-4D66-4147-9464-4A0CF7E81C8C}"
EndProject
Project("{FAE04EC0-301F-11D3-BF4B-00C04F79EFBC}") = "WEB.GSTP", "WEB\WEB.GSTP\WEB.GSTP.csproj", "{AE40A246-1034-4DDA-9FF5-F95778A292D0}"
	ProjectSection(ProjectDependencies) = postProject
		{8B3DE891-F14E-4BBF-95DB-23932C84F877} = {8B3DE891-F14E-4BBF-95DB-23932C84F877}
	EndProjectSection
EndProject
Project("{FAE04EC0-301F-11D3-BF4B-00C04F79EFBC}") = "DAL.GSTP", "DAL\DAL.GSTP\DAL.GSTP.csproj", "{B15C8A53-09C3-4269-A9C5-799FDE17AEB5}"
EndProject
Project("{2150E333-8FDC-42A3-9474-1A3956D46DE8}") = "Module", "Module", "{7201B29A-7F0B-42FF-8079-A33AF6AAD8FF}"
EndProject
Project("{FAE04EC0-301F-11D3-BF4B-00C04F79EFBC}") = "Module.Common", "Module\Module.Common\Module.Common.csproj", "{7982F824-43A1-4F02-AF26-30D0D0A79234}"
EndProject
Project("{2150E333-8FDC-42A3-9474-1A3956D46DE8}") = "BL", "BL", "{3CA424AB-2568-4302-914A-78EBB1C4AF33}"
EndProject
Project("{FAE04EC0-301F-11D3-BF4B-00C04F79EFBC}") = "BL.GSTP", "BL\BL.GSTP\BL.GSTP.csproj", "{943EA3B5-B585-4825-B941-676276784073}"
EndProject
Project("{FAE04EC0-301F-11D3-BF4B-00C04F79EFBC}") = "WEB.DONKHOIKIEN", "WEB\WEB.DONKHOIKIEN\WEB.DONKHOIKIEN.csproj", "{6E3E62E9-4B31-43D3-9775-E5C2F76131EF}"
EndProject
Project("{FAE04EC0-301F-11D3-BF4B-00C04F79EFBC}") = "DAL.DKK", "DAL\DAL.DKK\DAL.DKK.csproj", "{0AC9294A-205D-4D70-9248-8C53CCF35E84}"
EndProject
Project("{FAE04EC0-301F-11D3-BF4B-00C04F79EFBC}") = "BL.DonKK", "BL\BL.DonKK\BL.DonKK.csproj", "{477D1BFB-A02B-493B-89A8-6EAD079E19CF}"
EndProject
Project("{FAE04EC0-301F-11D3-BF4B-00C04F79EFBC}") = "BL.ThongKe", "BL\BL.ThongKe\BL.ThongKe.csproj", "{8B3DE891-F14E-4BBF-95DB-23932C84F877}"
EndProject
Project("{FAE04EC0-301F-11D3-BF4B-00C04F79EFBC}") = "WEB.Service", "WEB\WEB.SERVICE\WEB.Service.csproj", "{B521BF6C-4FD8-4DC4-A0E4-967D66495F19}"
EndProject
Project("{FAE04EC0-301F-11D3-BF4B-00C04F79EFBC}") = "WEB.TP", "WEB\WEB.TP\WEB.TP.csproj", "{617A75CF-914A-4F4F-A598-41ED4352765B}"
EndProject
Project("{2150E333-8FDC-42A3-9474-1A3956D46DE8}") = "DLL", "DLL", "{B5F40A01-CFFA-4AED-8469-787936C5F492}"
	ProjectSection(SolutionItems) = preProject
		DLL\Aspose.Cells.dll = DLL\Aspose.Cells.dll
		DLL\Aspose.Words.dll = DLL\Aspose.Words.dll
		DLL\CKEditor.NET.dll = DLL\CKEditor.NET.dll
		DLL\CKFinder.dll = DLL\CKFinder.dll
		DLL\FredCK.FCKeditorV2.dll = DLL\FredCK.FCKeditorV2.dll
		DLL\HtmlAgilityPack.dll = DLL\HtmlAgilityPack.dll
		DLL\Json.NET.Web.dll = DLL\Json.NET.Web.dll
		DLL\Microsoft.Office.Interop.Excel.dll = DLL\Microsoft.Office.Interop.Excel.dll
		DLL\MSCaptcha.CaptchaControl.bmp = DLL\MSCaptcha.CaptchaControl.bmp
		DLL\MSCaptcha.dll = DLL\MSCaptcha.dll
		DLL\MSCaptcha.il = DLL\MSCaptcha.il
		DLL\MSCaptcha.res = DLL\MSCaptcha.res
		DLL\Newtonsoft.Json.dll = DLL\Newtonsoft.Json.dll
		DLL\Oracle.ManagedDataAccess.dll = DLL\Oracle.ManagedDataAccess.dll
		DLL\Oracle.ManagedDataAccess.EntityFramework.dll = DLL\Oracle.ManagedDataAccess.EntityFramework.dll
		DLL\VGCA.Auth.dll = DLL\VGCA.Auth.dll
	EndProjectSection
EndProject
Global
	GlobalSection(SolutionConfigurationPlatforms) = preSolution
		Debug|Any CPU = Debug|Any CPU
		Release|Any CPU = Release|Any CPU
	EndGlobalSection
	GlobalSection(ProjectConfigurationPlatforms) = postSolution
		{AE40A246-1034-4DDA-9FF5-F95778A292D0}.Debug|Any CPU.ActiveCfg = Debug|Any CPU
		{AE40A246-1034-4DDA-9FF5-F95778A292D0}.Debug|Any CPU.Build.0 = Debug|Any CPU
		{AE40A246-1034-4DDA-9FF5-F95778A292D0}.Release|Any CPU.ActiveCfg = Release|Any CPU
		{AE40A246-1034-4DDA-9FF5-F95778A292D0}.Release|Any CPU.Build.0 = Release|Any CPU
		{B15C8A53-09C3-4269-A9C5-799FDE17AEB5}.Debug|Any CPU.ActiveCfg = Debug|Any CPU
		{B15C8A53-09C3-4269-A9C5-799FDE17AEB5}.Debug|Any CPU.Build.0 = Debug|Any CPU
		{B15C8A53-09C3-4269-A9C5-799FDE17AEB5}.Release|Any CPU.ActiveCfg = Release|Any CPU
		{B15C8A53-09C3-4269-A9C5-799FDE17AEB5}.Release|Any CPU.Build.0 = Release|Any CPU
		{7982F824-43A1-4F02-AF26-30D0D0A79234}.Debug|Any CPU.ActiveCfg = Debug|Any CPU
		{7982F824-43A1-4F02-AF26-30D0D0A79234}.Debug|Any CPU.Build.0 = Debug|Any CPU
		{7982F824-43A1-4F02-AF26-30D0D0A79234}.Release|Any CPU.ActiveCfg = Release|Any CPU
		{7982F824-43A1-4F02-AF26-30D0D0A79234}.Release|Any CPU.Build.0 = Release|Any CPU
		{943EA3B5-B585-4825-B941-676276784073}.Debug|Any CPU.ActiveCfg = Debug|Any CPU
		{943EA3B5-B585-4825-B941-676276784073}.Debug|Any CPU.Build.0 = Debug|Any CPU
		{943EA3B5-B585-4825-B941-676276784073}.Release|Any CPU.ActiveCfg = Release|Any CPU
		{943EA3B5-B585-4825-B941-676276784073}.Release|Any CPU.Build.0 = Release|Any CPU
		{6E3E62E9-4B31-43D3-9775-E5C2F76131EF}.Debug|Any CPU.ActiveCfg = Debug|Any CPU
		{6E3E62E9-4B31-43D3-9775-E5C2F76131EF}.Debug|Any CPU.Build.0 = Debug|Any CPU
		{6E3E62E9-4B31-43D3-9775-E5C2F76131EF}.Release|Any CPU.ActiveCfg = Release|Any CPU
		{6E3E62E9-4B31-43D3-9775-E5C2F76131EF}.Release|Any CPU.Build.0 = Release|Any CPU
		{0AC9294A-205D-4D70-9248-8C53CCF35E84}.Debug|Any CPU.ActiveCfg = Debug|Any CPU
		{0AC9294A-205D-4D70-9248-8C53CCF35E84}.Debug|Any CPU.Build.0 = Debug|Any CPU
		{0AC9294A-205D-4D70-9248-8C53CCF35E84}.Release|Any CPU.ActiveCfg = Release|Any CPU
		{0AC9294A-205D-4D70-9248-8C53CCF35E84}.Release|Any CPU.Build.0 = Release|Any CPU
		{477D1BFB-A02B-493B-89A8-6EAD079E19CF}.Debug|Any CPU.ActiveCfg = Debug|Any CPU
		{477D1BFB-A02B-493B-89A8-6EAD079E19CF}.Debug|Any CPU.Build.0 = Debug|Any CPU
		{477D1BFB-A02B-493B-89A8-6EAD079E19CF}.Release|Any CPU.ActiveCfg = Release|Any CPU
		{477D1BFB-A02B-493B-89A8-6EAD079E19CF}.Release|Any CPU.Build.0 = Release|Any CPU
		{8B3DE891-F14E-4BBF-95DB-23932C84F877}.Debug|Any CPU.ActiveCfg = Debug|Any CPU
		{8B3DE891-F14E-4BBF-95DB-23932C84F877}.Debug|Any CPU.Build.0 = Debug|Any CPU
		{8B3DE891-F14E-4BBF-95DB-23932C84F877}.Release|Any CPU.ActiveCfg = Release|Any CPU
		{8B3DE891-F14E-4BBF-95DB-23932C84F877}.Release|Any CPU.Build.0 = Release|Any CPU
		{B521BF6C-4FD8-4DC4-A0E4-967D66495F19}.Debug|Any CPU.ActiveCfg = Debug|Any CPU
		{B521BF6C-4FD8-4DC4-A0E4-967D66495F19}.Debug|Any CPU.Build.0 = Debug|Any CPU
		{B521BF6C-4FD8-4DC4-A0E4-967D66495F19}.Release|Any CPU.ActiveCfg = Release|Any CPU
		{B521BF6C-4FD8-4DC4-A0E4-967D66495F19}.Release|Any CPU.Build.0 = Release|Any CPU
		{617A75CF-914A-4F4F-A598-41ED4352765B}.Debug|Any CPU.ActiveCfg = Debug|Any CPU
		{617A75CF-914A-4F4F-A598-41ED4352765B}.Debug|Any CPU.Build.0 = Debug|Any CPU
		{617A75CF-914A-4F4F-A598-41ED4352765B}.Release|Any CPU.ActiveCfg = Release|Any CPU
		{617A75CF-914A-4F4F-A598-41ED4352765B}.Release|Any CPU.Build.0 = Release|Any CPU
	EndGlobalSection
	GlobalSection(SolutionProperties) = preSolution
		HideSolutionNode = FALSE
	EndGlobalSection
	GlobalSection(NestedProjects) = preSolution
		{AE40A246-1034-4DDA-9FF5-F95778A292D0} = {B2A522A5-4D66-4147-9464-4A0CF7E81C8C}
		{B15C8A53-09C3-4269-A9C5-799FDE17AEB5} = {13E8B7F0-3E6D-439A-B9AD-BC79D7B6CD28}
		{7982F824-43A1-4F02-AF26-30D0D0A79234} = {7201B29A-7F0B-42FF-8079-A33AF6AAD8FF}
		{943EA3B5-B585-4825-B941-676276784073} = {3CA424AB-2568-4302-914A-78EBB1C4AF33}
		{6E3E62E9-4B31-43D3-9775-E5C2F76131EF} = {B2A522A5-4D66-4147-9464-4A0CF7E81C8C}
		{0AC9294A-205D-4D70-9248-8C53CCF35E84} = {13E8B7F0-3E6D-439A-B9AD-BC79D7B6CD28}
		{477D1BFB-A02B-493B-89A8-6EAD079E19CF} = {3CA424AB-2568-4302-914A-78EBB1C4AF33}
		{8B3DE891-F14E-4BBF-95DB-23932C84F877} = {3CA424AB-2568-4302-914A-78EBB1C4AF33}
		{B521BF6C-4FD8-4DC4-A0E4-967D66495F19} = {B2A522A5-4D66-4147-9464-4A0CF7E81C8C}
		{617A75CF-914A-4F4F-A598-41ED4352765B} = {B2A522A5-4D66-4147-9464-4A0CF7E81C8C}
	EndGlobalSection
	GlobalSection(ExtensibilityGlobals) = postSolution
		SolutionGuid = {2C7015FC-8A77-450E-BFFF-9BAD87BCC067}
	EndGlobalSection
EndGlobal
